
Microsoft Visual Studio Solution File, Format Version 12.00
# Visual Studio Version 17
VisualStudioVersion = 17.0.32014.148
MinimumVisualStudioVersion = 10.0.40219.1
Project("{FAE04EC0-301F-11D3-BF4B-00C04F79EFBC}") = "ParcialCalculadora", "ParcialCalculadora\ParcialCalculadora.csproj", "{6604F9EE-EE4D-4597-AB44-EC3630309670}"
EndProject
Global
	GlobalSection(SolutionConfigurationPlatforms) = preSolution
		Debug|Any CPU = Debug|Any CPU
		Release|Any CPU = Release|Any CPU
	EndGlobalSection
	GlobalSection(ProjectConfigurationPlatforms) = postSolution
		{6604F9EE-EE4D-4597-AB44-EC3630309670}.Debug|Any CPU.ActiveCfg = Debug|Any CPU
		{6604F9EE-EE4D-4597-AB44-EC3630309670}.Debug|Any CPU.Build.0 = Debug|Any CPU
		{6604F9EE-EE4D-4597-AB44-EC3630309670}.Release|Any CPU.ActiveCfg = Release|Any CPU
		{6604F9EE-EE4D-4597-AB44-EC3630309670}.Release|Any CPU.Build.0 = Release|Any CPU
	EndGlobalSection
	GlobalSection(SolutionProperties) = preSolution
		HideSolutionNode = FALSE
	EndGlobalSection
	GlobalSection(ExtensibilityGlobals) = postSolution
		SolutionGuid = {AE343753-93FE-4DC7-83D5-72F64BF39FEE}
	EndGlobalSection
EndGlobal
